// !$*UTF8*$!
{
	archiveVersion = 1;
	classes = {
	};
	objectVersion = 46;
	objects = {

/* Begin PBXBuildFile section */
		52F67E14181972E300ACC603 /* UIKit.framework in Frameworks */ = {isa = PBXBuildFile; fileRef = 52F67E13181972E300ACC603 /* UIKit.framework */; };
		52F67E16181972E300ACC603 /* Foundation.framework in Frameworks */ = {isa = PBXBuildFile; fileRef = 52F67E15181972E300ACC603 /* Foundation.framework */; };
		52F67E18181972E300ACC603 /* CoreGraphics.framework in Frameworks */ = {isa = PBXBuildFile; fileRef = 52F67E17181972E300ACC603 /* CoreGraphics.framework */; };
		52F67E1E181972E300ACC603 /* InfoPlist.strings in Resources */ = {isa = PBXBuildFile; fileRef = 52F67E1C181972E300ACC603 /* InfoPlist.strings */; };
		52F67E20181972E300ACC603 /* main.m in Sources */ = {isa = PBXBuildFile; fileRef = 52F67E1F181972E300ACC603 /* main.m */; };
		52F67E24181972E300ACC603 /* AppDelegate.m in Sources */ = {isa = PBXBuildFile; fileRef = 52F67E23181972E300ACC603 /* AppDelegate.m */; };
		52F67E26181972E300ACC603 /* Default.png in Resources */ = {isa = PBXBuildFile; fileRef = 52F67E25181972E300ACC603 /* Default.png */; };
		52F67E28181972E300ACC603 /* Default@2x.png in Resources */ = {isa = PBXBuildFile; fileRef = 52F67E27181972E300ACC603 /* Default@2x.png */; };
		52F67E2A181972E300ACC603 /* Default-568h@2x.png in Resources */ = {isa = PBXBuildFile; fileRef = 52F67E29181972E300ACC603 /* Default-568h@2x.png */; };
		52F67E2D181972E300ACC603 /* MainStoryboard.storyboard in Resources */ = {isa = PBXBuildFile; fileRef = 52F67E2B181972E300ACC603 /* MainStoryboard.storyboard */; };
		52F67E30181972E300ACC603 /* ViewController.m in Sources */ = {isa = PBXBuildFile; fileRef = 52F67E2F181972E300ACC603 /* ViewController.m */; };
		52F67E391819736300ACC603 /* day.png in Resources */ = {isa = PBXBuildFile; fileRef = 52F67E361819736300ACC603 /* day.png */; };
		52F67E3A1819736300ACC603 /* ghost.png in Resources */ = {isa = PBXBuildFile; fileRef = 52F67E371819736300ACC603 /* ghost.png */; };
		52F67E3B1819736300ACC603 /* night.png in Resources */ = {isa = PBXBuildFile; fileRef = 52F67E381819736300ACC603 /* night.png */; };
		52F67E3F1819764600ACC603 /* ghost_icon.png in Resources */ = {isa = PBXBuildFile; fileRef = 52F67E3E1819764600ACC603 /* ghost_icon.png */; };
		52F67E411819765800ACC603 /* ghost_icon.png in Resources */ = {isa = PBXBuildFile; fileRef = 52F67E401819765800ACC603 /* ghost_icon.png */; };
/* End PBXBuildFile section */

/* Begin PBXFileReference section */
		52F67E10181972E300ACC603 /* Oct24.app */ = {isa = PBXFileReference; explicitFileType = wrapper.application; includeInIndex = 0; path = Oct24.app; sourceTree = BUILT_PRODUCTS_DIR; };
		52F67E13181972E300ACC603 /* UIKit.framework */ = {isa = PBXFileReference; lastKnownFileType = wrapper.framework; name = UIKit.framework; path = System/Library/Frameworks/UIKit.framework; sourceTree = SDKROOT; };
		52F67E15181972E300ACC603 /* Foundation.framework */ = {isa = PBXFileReference; lastKnownFileType = wrapper.framework; name = Foundation.framework; path = System/Library/Frameworks/Foundation.framework; sourceTree = SDKROOT; };
		52F67E17181972E300ACC603 /* CoreGraphics.framework */ = {isa = PBXFileReference; lastKnownFileType = wrapper.framework; name = CoreGraphics.framework; path = System/Library/Frameworks/CoreGraphics.framework; sourceTree = SDKROOT; };
		52F67E1B181972E300ACC603 /* Oct24-Info.plist */ = {isa = PBXFileReference; lastKnownFileType = text.plist.xml; path = "Oct24-Info.plist"; sourceTree = "<group>"; };
		52F67E1D181972E300ACC603 /* en */ = {isa = PBXFileReference; lastKnownFileType = text.plist.strings; name = en; path = en.lproj/InfoPlist.strings; sourceTree = "<group>"; };
		52F67E1F181972E300ACC603 /* main.m */ = {isa = PBXFileReference; lastKnownFileType = sourcecode.c.objc; path = main.m; sourceTree = "<group>"; };
		52F67E21181972E300ACC603 /* Oct24-Prefix.pch */ = {isa = PBXFileReference; lastKnownFileType = sourcecode.c.h; path = "Oct24-Prefix.pch"; sourceTree = "<group>"; };
		52F67E22181972E300ACC603 /* AppDelegate.h */ = {isa = PBXFileReference; lastKnownFileType = sourcecode.c.h; path = AppDelegate.h; sourceTree = "<group>"; };
		52F67E23181972E300ACC603 /* AppDelegate.m */ = {isa = PBXFileReference; lastKnownFileType = sourcecode.c.objc; path = AppDelegate.m; sourceTree = "<group>"; };
		52F67E25181972E300ACC603 /* Default.png */ = {isa = PBXFileReference; lastKnownFileType = image.png; path = Default.png; sourceTree = "<group>"; };
		52F67E27181972E300ACC603 /* Default@2x.png */ = {isa = PBXFileReference; lastKnownFileType = image.png; path = "Default@2x.png"; sourceTree = "<group>"; };
		52F67E29181972E300ACC603 /* Default-568h@2x.png */ = {isa = PBXFileReference; lastKnownFileType = image.png; path = "Default-568h@2x.png"; sourceTree = "<group>"; };
		52F67E2C181972E300ACC603 /* en */ = {isa = PBXFileReference; lastKnownFileType = file.storyboard; name = en; path = en.lproj/MainStoryboard.storyboard; sourceTree = "<group>"; };
		52F67E2E181972E300ACC603 /* ViewController.h */ = {isa = PBXFileReference; lastKnownFileType = sourcecode.c.h; path = ViewController.h; sourceTree = "<group>"; };
		52F67E2F181972E300ACC603 /* ViewController.m */ = {isa = PBXFileReference; lastKnownFileType = sourcecode.c.objc; path = ViewController.m; sourceTree = "<group>"; };
		52F67E361819736300ACC603 /* day.png */ = {isa = PBXFileReference; lastKnownFileType = image.png; path = day.png; sourceTree = "<group>"; };
		52F67E371819736300ACC603 /* ghost.png */ = {isa = PBXFileReference; lastKnownFileType = image.png; path = ghost.png; sourceTree = "<group>"; };
		52F67E381819736300ACC603 /* night.png */ = {isa = PBXFileReference; lastKnownFileType = image.png; path = night.png; sourceTree = "<group>"; };
		52F67E3E1819764600ACC603 /* ghost_icon.png */ = {isa = PBXFileReference; lastKnownFileType = image.png; path = ghost_icon.png; sourceTree = "<group>"; };
		52F67E401819765800ACC603 /* ghost_icon.png */ = {isa = PBXFileReference; lastKnownFileType = image.png; path = ghost_icon.png; sourceTree = "<group>"; };
/* End PBXFileReference section */

/* Begin PBXFrameworksBuildPhase section */
		52F67E0D181972E300ACC603 /* Frameworks */ = {
			isa = PBXFrameworksBuildPhase;
			buildActionMask = 2147483647;
			files = (
				52F67E14181972E300ACC603 /* UIKit.framework in Frameworks */,
				52F67E16181972E300ACC603 /* Foundation.framework in Frameworks */,
				52F67E18181972E300ACC603 /* CoreGraphics.framework in Frameworks */,
			);
			runOnlyForDeploymentPostprocessing = 0;
		};
/* End PBXFrameworksBuildPhase section */

/* Begin PBXGroup section */
		52F67E07181972E300ACC603 = {
			isa = PBXGroup;
			children = (
				52F67E401819765800ACC603 /* ghost_icon.png */,
				52F67E19181972E300ACC603 /* Oct24 */,
				52F67E12181972E300ACC603 /* Frameworks */,
				52F67E11181972E300ACC603 /* Products */,
			);
			sourceTree = "<group>";
		};
		52F67E11181972E300ACC603 /* Products */ = {
			isa = PBXGroup;
			children = (
				52F67E10181972E300ACC603 /* Oct24.app */,
			);
			name = Products;
			sourceTree = "<group>";
		};
		52F67E12181972E300ACC603 /* Frameworks */ = {
			isa = PBXGroup;
			children = (
				52F67E13181972E300ACC603 /* UIKit.framework */,
				52F67E15181972E300ACC603 /* Foundation.framework */,
				52F67E17181972E300ACC603 /* CoreGraphics.framework */,
			);
			name = Frameworks;
			sourceTree = "<group>";
		};
		52F67E19181972E300ACC603 /* Oct24 */ = {
			isa = PBXGroup;
			children = (
				52F67E22181972E300ACC603 /* AppDelegate.h */,
				52F67E23181972E300ACC603 /* AppDelegate.m */,
				52F67E2B181972E300ACC603 /* MainStoryboard.storyboard */,
				52F67E2E181972E300ACC603 /* ViewController.h */,
				52F67E2F181972E300ACC603 /* ViewController.m */,
				52F67E1A181972E300ACC603 /* Supporting Files */,
			);
			path = Oct24;
			sourceTree = "<group>";
		};
		52F67E1A181972E300ACC603 /* Supporting Files */ = {
			isa = PBXGroup;
			children = (
				52F67E3E1819764600ACC603 /* ghost_icon.png */,
				52F67E361819736300ACC603 /* day.png */,
				52F67E371819736300ACC603 /* ghost.png */,
				52F67E381819736300ACC603 /* night.png */,
				52F67E1B181972E300ACC603 /* Oct24-Info.plist */,
				52F67E1C181972E300ACC603 /* InfoPlist.strings */,
				52F67E1F181972E300ACC603 /* main.m */,
				52F67E21181972E300ACC603 /* Oct24-Prefix.pch */,
				52F67E25181972E300ACC603 /* Default.png */,
				52F67E27181972E300ACC603 /* Default@2x.png */,
				52F67E29181972E300ACC603 /* Default-568h@2x.png */,
			);
			name = "Supporting Files";
			sourceTree = "<group>";
		};
/* End PBXGroup section */

/* Begin PBXNativeTarget section */
		52F67E0F181972E300ACC603 /* Oct24 */ = {
			isa = PBXNativeTarget;
			buildConfigurationList = 52F67E33181972E300ACC603 /* Build configuration list for PBXNativeTarget "Oct24" */;
			buildPhases = (
				52F67E0C181972E300ACC603 /* Sources */,
				52F67E0D181972E300ACC603 /* Frameworks */,
				52F67E0E181972E300ACC603 /* Resources */,
			);
			buildRules = (
			);
			dependencies = (
			);
			name = Oct24;
			productName = Oct24;
			productReference = 52F67E10181972E300ACC603 /* Oct24.app */;
			productType = "com.apple.product-type.application";
		};
/* End PBXNativeTarget section */

/* Begin PBXProject section */
		52F67E08181972E300ACC603 /* Project object */ = {
			isa = PBXProject;
			attributes = {
				LastUpgradeCheck = 0460;
				ORGANIZATIONNAME = "John V. Tabbone, Inc.";
			};
			buildConfigurationList = 52F67E0B181972E300ACC603 /* Build configuration list for PBXProject "Oct24" */;
			compatibilityVersion = "Xcode 3.2";
			developmentRegion = English;
			hasScannedForEncodings = 0;
			knownRegions = (
				en,
			);
			mainGroup = 52F67E07181972E300ACC603;
			productRefGroup = 52F67E11181972E300ACC603 /* Products */;
			projectDirPath = "";
			projectRoot = "";
			targets = (
				52F67E0F181972E300ACC603 /* Oct24 */,
			);
		};
/* End PBXProject section */

/* Begin PBXResourcesBuildPhase section */
		52F67E0E181972E300ACC603 /* Resources */ = {
			isa = PBXResourcesBuildPhase;
			buildActionMask = 2147483647;
			files = (
				52F67E1E181972E300ACC603 /* InfoPlist.strings in Resources */,
				52F67E26181972E300ACC603 /* Default.png in Resources */,
				52F67E28181972E300ACC603 /* Default@2x.png in Resources */,
				52F67E2A181972E300ACC603 /* Default-568h@2x.png in Resources */,
				52F67E2D181972E300ACC603 /* MainStoryboard.storyboard in Resources */,
				52F67E391819736300ACC603 /* day.png in Resources */,
				52F67E3A1819736300ACC603 /* ghost.png in Resources */,
				52F67E3B1819736300ACC603 /* night.png in Resources */,
				52F67E3F1819764600ACC603 /* ghost_icon.png in Resources */,
				52F67E411819765800ACC603 /* ghost_icon.png in Resources */,
			);
			runOnlyForDeploymentPostprocessing = 0;
		};
/* End PBXResourcesBuildPhase section */

/* Begin PBXSourcesBuildPhase section */
		52F67E0C181972E300ACC603 /* Sources */ = {
			isa = PBXSourcesBuildPhase;
			buildActionMask = 2147483647;
			files = (
				52F67E20181972E300ACC603 /* main.m in Sources */,
				52F67E24181972E300ACC603 /* AppDelegate.m in Sources */,
				52F67E30181972E300ACC603 /* ViewController.m in Sources */,
			);
			runOnlyForDeploymentPostprocessing = 0;
		};
/* End PBXSourcesBuildPhase section */

/* Begin PBXVariantGroup section */
		52F67E1C181972E300ACC603 /* InfoPlist.strings */ = {
			isa = PBXVariantGroup;
			children = (
				52F67E1D181972E300ACC603 /* en */,
			);
			name = InfoPlist.strings;
			sourceTree = "<group>";
		};
		52F67E2B181972E300ACC603 /* MainStoryboard.storyboard */ = {
			isa = PBXVariantGroup;
			children = (
				52F67E2C181972E300ACC603 /* en */,
			);
			name = MainStoryboard.storyboard;
			sourceTree = "<group>";
		};
/* End PBXVariantGroup section */

/* Begin XCBuildConfiguration section */
		52F67E31181972E300ACC603 /* Debug */ = {
			isa = XCBuildConfiguration;
			buildSettings = {
				ALWAYS_SEARCH_USER_PATHS = NO;
				CLANG_CXX_LANGUAGE_STANDARD = "gnu++0x";
				CLANG_CXX_LIBRARY = "libc++";
				CLANG_ENABLE_OBJC_ARC = YES;
				CLANG_WARN_CONSTANT_CONVERSION = YES;
				CLANG_WARN_EMPTY_BODY = YES;
				CLANG_WARN_ENUM_CONVERSION = YES;
				CLANG_WARN_INT_CONVERSION = YES;
				CLANG_WARN__DUPLICATE_METHOD_MATCH = YES;
				"CODE_SIGN_IDENTITY[sdk=iphoneos*]" = "iPhone Developer";
				COPY_PHASE_STRIP = NO;
				GCC_C_LANGUAGE_STANDARD = gnu99;
				GCC_DYNAMIC_NO_PIC = NO;
				GCC_OPTIMIZATION_LEVEL = 0;
				GCC_PREPROCESSOR_DEFINITIONS = (
					"DEBUG=1",
					"$(inherited)",
				);
				GCC_SYMBOLS_PRIVATE_EXTERN = NO;
				GCC_WARN_ABOUT_RETURN_TYPE = YES;
				GCC_WARN_UNINITIALIZED_AUTOS = YES;
				GCC_WARN_UNUSED_VARIABLE = YES;
				IPHONEOS_DEPLOYMENT_TARGET = 6.1;
				ONLY_ACTIVE_ARCH = YES;
				SDKROOT = iphoneos;
			};
			name = Debug;
		};
		52F67E32181972E300ACC603 /* Release */ = {
			isa = XCBuildConfiguration;
			buildSettings = {
				ALWAYS_SEARCH_USER_PATHS = NO;
				CLANG_CXX_LANGUAGE_STANDARD = "gnu++0x";
				CLANG_CXX_LIBRARY = "libc++";
				CLANG_ENABLE_OBJC_ARC = YES;
				CLANG_WARN_CONSTANT_CONVERSION = YES;
				CLANG_WARN_EMPTY_BODY = YES;
				CLANG_WARN_ENUM_CONVERSION = YES;
				CLANG_WARN_INT_CONVERSION = YES;
				CLANG_WARN__DUPLICATE_METHOD_MATCH = YES;
				"CODE_SIGN_IDENTITY[sdk=iphoneos*]" = "iPhone Developer";
				COPY_PHASE_STRIP = YES;
				GCC_C_LANGUAGE_STANDARD = gnu99;
				GCC_WARN_ABOUT_RETURN_TYPE = YES;
				GCC_WARN_UNINITIALIZED_AUTOS = YES;
				GCC_WARN_UNUSED_VARIABLE = YES;
				IPHONEOS_DEPLOYMENT_TARGET = 6.1;
				OTHER_CFLAGS = "-DNS_BLOCK_ASSERTIONS=1";
				SDKROOT = iphoneos;
				VALIDATE_PRODUCT = YES;
			};
			name = Release;
		};
		52F67E34181972E300ACC603 /* Debug */ = {
			isa = XCBuildConfiguration;
			buildSettings = {
				GCC_PRECOMPILE_PREFIX_HEADER = YES;
				GCC_PREFIX_HEADER = "Oct24/Oct24-Prefix.pch";
				INFOPLIST_FILE = "Oct24/Oct24-Info.plist";
				PRODUCT_NAME = "$(TARGET_NAME)";
				WRAPPER_EXTENSION = app;
			};
			name = Debug;
		};
		52F67E35181972E300ACC603 /* Release */ = {
			isa = XCBuildConfiguration;
			buildSettings = {
				GCC_PRECOMPILE_PREFIX_HEADER = YES;
				GCC_PREFIX_HEADER = "Oct24/Oct24-Prefix.pch";
				INFOPLIST_FILE = "Oct24/Oct24-Info.plist";
				PRODUCT_NAME = "$(TARGET_NAME)";
				WRAPPER_EXTENSION = app;
			};
			name = Release;
		};
/* End XCBuildConfiguration section */

/* Begin XCConfigurationList section */
		52F67E0B181972E300ACC603 /* Build configuration list for PBXProject "Oct24" */ = {
			isa = XCConfigurationList;
			buildConfigurations = (
				52F67E31181972E300ACC603 /* Debug */,
				52F67E32181972E300ACC603 /* Release */,
			);
			defaultConfigurationIsVisible = 0;
			defaultConfigurationName = Release;
		};
		52F67E33181972E300ACC603 /* Build configuration list for PBXNativeTarget "Oct24" */ = {
			isa = XCConfigurationList;
			buildConfigurations = (
				52F67E34181972E300ACC603 /* Debug */,
				52F67E35181972E300ACC603 /* Release */,
			);
			defaultConfigurationIsVisible = 0;
		};
/* End XCConfigurationList section */
	};
	rootObject = 52F67E08181972E300ACC603 /* Project object */;
}
